// !$*UTF8*$!
{
	archiveVersion = 1;
	classes = {
	};
	objectVersion = 50;
	objects = {

/* Begin PBXBuildFile section */
		0A456CDD1CB0A7099E8E4702 /* Pods_Mapbox_test.framework in Frameworks */ = {isa = PBXBuildFile; fileRef = F57C455DCE580D936436F81D /* Pods_Mapbox_test.framework */; };
		66D7E97322D646E900F526DB /* AppDelegate.swift in Sources */ = {isa = PBXBuildFile; fileRef = 66D7E97222D646E900F526DB /* AppDelegate.swift */; };
		66D7E97522D646E900F526DB /* ViewController.swift in Sources */ = {isa = PBXBuildFile; fileRef = 66D7E97422D646E900F526DB /* ViewController.swift */; };
		66D7E97822D646E900F526DB /* Main.storyboard in Resources */ = {isa = PBXBuildFile; fileRef = 66D7E97622D646E900F526DB /* Main.storyboard */; };
		66D7E97A22D646EC00F526DB /* Assets.xcassets in Resources */ = {isa = PBXBuildFile; fileRef = 66D7E97922D646EC00F526DB /* Assets.xcassets */; };
		66D7E97D22D646EC00F526DB /* LaunchScreen.storyboard in Resources */ = {isa = PBXBuildFile; fileRef = 66D7E97B22D646EC00F526DB /* LaunchScreen.storyboard */; };
		66D7E98822D646EC00F526DB /* Mapbox_testTests.swift in Sources */ = {isa = PBXBuildFile; fileRef = 66D7E98722D646EC00F526DB /* Mapbox_testTests.swift */; };
		87A3AD3A6D4BFA3530AB53B9 /* Pods_Mapbox_testTests.framework in Frameworks */ = {isa = PBXBuildFile; fileRef = 9F752C283A30BF7DB0FDBFBD /* Pods_Mapbox_testTests.framework */; };
/* End PBXBuildFile section */

/* Begin PBXContainerItemProxy section */
		66D7E98422D646EC00F526DB /* PBXContainerItemProxy */ = {
			isa = PBXContainerItemProxy;
			containerPortal = 66D7E96722D646E900F526DB /* Project object */;
			proxyType = 1;
			remoteGlobalIDString = 66D7E96E22D646E900F526DB;
			remoteInfo = "Mapbox-test";
		};
/* End PBXContainerItemProxy section */

/* Begin PBXFileReference section */
		10822FFA60EE2DA9E9112799 /* Pods-Mapbox-testTests.debug.xcconfig */ = {isa = PBXFileReference; includeInIndex = 1; lastKnownFileType = text.xcconfig; name = "Pods-Mapbox-testTests.debug.xcconfig"; path = "Target Support Files/Pods-Mapbox-testTests/Pods-Mapbox-testTests.debug.xcconfig"; sourceTree = "<group>"; };
		1633B4E9E9CB98CEED433B45 /* Pods-Mapbox-test.debug.xcconfig */ = {isa = PBXFileReference; includeInIndex = 1; lastKnownFileType = text.xcconfig; name = "Pods-Mapbox-test.debug.xcconfig"; path = "Target Support Files/Pods-Mapbox-test/Pods-Mapbox-test.debug.xcconfig"; sourceTree = "<group>"; };
		66D7E96F22D646E900F526DB /* Mapbox-test.app */ = {isa = PBXFileReference; explicitFileType = wrapper.application; includeInIndex = 0; path = "Mapbox-test.app"; sourceTree = BUILT_PRODUCTS_DIR; };
		66D7E97222D646E900F526DB /* AppDelegate.swift */ = {isa = PBXFileReference; lastKnownFileType = sourcecode.swift; path = AppDelegate.swift; sourceTree = "<group>"; };
		66D7E97422D646E900F526DB /* ViewController.swift */ = {isa = PBXFileReference; lastKnownFileType = sourcecode.swift; path = ViewController.swift; sourceTree = "<group>"; };
		66D7E97722D646E900F526DB /* Base */ = {isa = PBXFileReference; lastKnownFileType = file.storyboard; name = Base; path = Base.lproj/Main.storyboard; sourceTree = "<group>"; };
		66D7E97922D646EC00F526DB /* Assets.xcassets */ = {isa = PBXFileReference; lastKnownFileType = folder.assetcatalog; path = Assets.xcassets; sourceTree = "<group>"; };
		66D7E97C22D646EC00F526DB /* Base */ = {isa = PBXFileReference; lastKnownFileType = file.storyboard; name = Base; path = Base.lproj/LaunchScreen.storyboard; sourceTree = "<group>"; };
		66D7E97E22D646EC00F526DB /* Info.plist */ = {isa = PBXFileReference; lastKnownFileType = text.plist.xml; path = Info.plist; sourceTree = "<group>"; };
		66D7E98322D646EC00F526DB /* Mapbox-testTests.xctest */ = {isa = PBXFileReference; explicitFileType = wrapper.cfbundle; includeInIndex = 0; path = "Mapbox-testTests.xctest"; sourceTree = BUILT_PRODUCTS_DIR; };
		66D7E98722D646EC00F526DB /* Mapbox_testTests.swift */ = {isa = PBXFileReference; lastKnownFileType = sourcecode.swift; path = Mapbox_testTests.swift; sourceTree = "<group>"; };
		66D7E98922D646EC00F526DB /* Info.plist */ = {isa = PBXFileReference; lastKnownFileType = text.plist.xml; path = Info.plist; sourceTree = "<group>"; };
		8FC2A0D303A3343A3220E4EB /* Pods-Mapbox-test.release.xcconfig */ = {isa = PBXFileReference; includeInIndex = 1; lastKnownFileType = text.xcconfig; name = "Pods-Mapbox-test.release.xcconfig"; path = "Target Support Files/Pods-Mapbox-test/Pods-Mapbox-test.release.xcconfig"; sourceTree = "<group>"; };
		9011CEA992142193ED475A69 /* Pods-Mapbox-testTests.release.xcconfig */ = {isa = PBXFileReference; includeInIndex = 1; lastKnownFileType = text.xcconfig; name = "Pods-Mapbox-testTests.release.xcconfig"; path = "Target Support Files/Pods-Mapbox-testTests/Pods-Mapbox-testTests.release.xcconfig"; sourceTree = "<group>"; };
		9F752C283A30BF7DB0FDBFBD /* Pods_Mapbox_testTests.framework */ = {isa = PBXFileReference; explicitFileType = wrapper.framework; includeInIndex = 0; path = Pods_Mapbox_testTests.framework; sourceTree = BUILT_PRODUCTS_DIR; };
		F57C455DCE580D936436F81D /* Pods_Mapbox_test.framework */ = {isa = PBXFileReference; explicitFileType = wrapper.framework; includeInIndex = 0; path = Pods_Mapbox_test.framework; sourceTree = BUILT_PRODUCTS_DIR; };
/* End PBXFileReference section */

/* Begin PBXFrameworksBuildPhase section */
		66D7E96C22D646E900F526DB /* Frameworks */ = {
			isa = PBXFrameworksBuildPhase;
			buildActionMask = 2147483647;
			files = (
				0A456CDD1CB0A7099E8E4702 /* Pods_Mapbox_test.framework in Frameworks */,
			);
			runOnlyForDeploymentPostprocessing = 0;
		};
		66D7E98022D646EC00F526DB /* Frameworks */ = {
			isa = PBXFrameworksBuildPhase;
			buildActionMask = 2147483647;
			files = (
				87A3AD3A6D4BFA3530AB53B9 /* Pods_Mapbox_testTests.framework in Frameworks */,
			);
			runOnlyForDeploymentPostprocessing = 0;
		};
/* End PBXFrameworksBuildPhase section */

/* Begin PBXGroup section */
		32E60BB630656B9FC437E220 /* Frameworks */ = {
			isa = PBXGroup;
			children = (
				F57C455DCE580D936436F81D /* Pods_Mapbox_test.framework */,
				9F752C283A30BF7DB0FDBFBD /* Pods_Mapbox_testTests.framework */,
			);
			name = Frameworks;
			sourceTree = "<group>";
		};
		66D7E96622D646E900F526DB = {
			isa = PBXGroup;
			children = (
				66D7E97122D646E900F526DB /* Mapbox-test */,
				66D7E98622D646EC00F526DB /* Mapbox-testTests */,
				66D7E97022D646E900F526DB /* Products */,
				EC33F132A0C93DA7905103F7 /* Pods */,
				32E60BB630656B9FC437E220 /* Frameworks */,
			);
			sourceTree = "<group>";
		};
		66D7E97022D646E900F526DB /* Products */ = {
			isa = PBXGroup;
			children = (
				66D7E96F22D646E900F526DB /* Mapbox-test.app */,
				66D7E98322D646EC00F526DB /* Mapbox-testTests.xctest */,
			);
			name = Products;
			sourceTree = "<group>";
		};
		66D7E97122D646E900F526DB /* Mapbox-test */ = {
			isa = PBXGroup;
			children = (
				66D7E97222D646E900F526DB /* AppDelegate.swift */,
				66D7E97422D646E900F526DB /* ViewController.swift */,
				66D7E97622D646E900F526DB /* Main.storyboard */,
				66D7E97922D646EC00F526DB /* Assets.xcassets */,
				66D7E97B22D646EC00F526DB /* LaunchScreen.storyboard */,
				66D7E97E22D646EC00F526DB /* Info.plist */,
			);
			path = "Mapbox-test";
			sourceTree = "<group>";
		};
		66D7E98622D646EC00F526DB /* Mapbox-testTests */ = {
			isa = PBXGroup;
			children = (
				66D7E98722D646EC00F526DB /* Mapbox_testTests.swift */,
				66D7E98922D646EC00F526DB /* Info.plist */,
			);
			path = "Mapbox-testTests";
			sourceTree = "<group>";
		};
		EC33F132A0C93DA7905103F7 /* Pods */ = {
			isa = PBXGroup;
			children = (
				1633B4E9E9CB98CEED433B45 /* Pods-Mapbox-test.debug.xcconfig */,
				8FC2A0D303A3343A3220E4EB /* Pods-Mapbox-test.release.xcconfig */,
				10822FFA60EE2DA9E9112799 /* Pods-Mapbox-testTests.debug.xcconfig */,
				9011CEA992142193ED475A69 /* Pods-Mapbox-testTests.release.xcconfig */,
			);
			name = Pods;
			path = Pods;
			sourceTree = "<group>";
		};
/* End PBXGroup section */

/* Begin PBXNativeTarget section */
		66D7E96E22D646E900F526DB /* Mapbox-test */ = {
			isa = PBXNativeTarget;
			buildConfigurationList = 66D7E98C22D646EC00F526DB /* Build configuration list for PBXNativeTarget "Mapbox-test" */;
			buildPhases = (
				D3F14A293D0C551096EAE29D /* [CP] Check Pods Manifest.lock */,
				66D7E96B22D646E900F526DB /* Sources */,
				66D7E96C22D646E900F526DB /* Frameworks */,
				66D7E96D22D646E900F526DB /* Resources */,
				16B3E9766CDCF01ECAE29C9F /* [CP] Embed Pods Frameworks */,
			);
			buildRules = (
			);
			dependencies = (
			);
			name = "Mapbox-test";
			productName = "Mapbox-test";
			productReference = 66D7E96F22D646E900F526DB /* Mapbox-test.app */;
			productType = "com.apple.product-type.application";
		};
		66D7E98222D646EC00F526DB /* Mapbox-testTests */ = {
			isa = PBXNativeTarget;
			buildConfigurationList = 66D7E98F22D646EC00F526DB /* Build configuration list for PBXNativeTarget "Mapbox-testTests" */;
			buildPhases = (
				F9A31B84E0F86DD030928261 /* [CP] Check Pods Manifest.lock */,
				66D7E97F22D646EC00F526DB /* Sources */,
				66D7E98022D646EC00F526DB /* Frameworks */,
				66D7E98122D646EC00F526DB /* Resources */,
			);
			buildRules = (
			);
			dependencies = (
				66D7E98522D646EC00F526DB /* PBXTargetDependency */,
			);
			name = "Mapbox-testTests";
			productName = "Mapbox-testTests";
			productReference = 66D7E98322D646EC00F526DB /* Mapbox-testTests.xctest */;
			productType = "com.apple.product-type.bundle.unit-test";
		};
/* End PBXNativeTarget section */

/* Begin PBXProject section */
		66D7E96722D646E900F526DB /* Project object */ = {
			isa = PBXProject;
			attributes = {
				LastSwiftUpdateCheck = 1020;
				LastUpgradeCheck = 1020;
				ORGANIZATIONNAME = Indigo;
				TargetAttributes = {
					66D7E96E22D646E900F526DB = {
						CreatedOnToolsVersion = 10.2.1;
					};
					66D7E98222D646EC00F526DB = {
						CreatedOnToolsVersion = 10.2.1;
						TestTargetID = 66D7E96E22D646E900F526DB;
					};
				};
			};
			buildConfigurationList = 66D7E96A22D646E900F526DB /* Build configuration list for PBXProject "Mapbox-test" */;
			compatibilityVersion = "Xcode 9.3";
			developmentRegion = en;
			hasScannedForEncodings = 0;
			knownRegions = (
				en,
				Base,
			);
			mainGroup = 66D7E96622D646E900F526DB;
			productRefGroup = 66D7E97022D646E900F526DB /* Products */;
			projectDirPath = "";
			projectRoot = "";
			targets = (
				66D7E96E22D646E900F526DB /* Mapbox-test */,
				66D7E98222D646EC00F526DB /* Mapbox-testTests */,
			);
		};
/* End PBXProject section */

/* Begin PBXResourcesBuildPhase section */
		66D7E96D22D646E900F526DB /* Resources */ = {
			isa = PBXResourcesBuildPhase;
			buildActionMask = 2147483647;
			files = (
				66D7E97D22D646EC00F526DB /* LaunchScreen.storyboard in Resources */,
				66D7E97A22D646EC00F526DB /* Assets.xcassets in Resources */,
				66D7E97822D646E900F526DB /* Main.storyboard in Resources */,
			);
			runOnlyForDeploymentPostprocessing = 0;
		};
		66D7E98122D646EC00F526DB /* Resources */ = {
			isa = PBXResourcesBuildPhase;
			buildActionMask = 2147483647;
			files = (
			);
			runOnlyForDeploymentPostprocessing = 0;
		};
/* End PBXResourcesBuildPhase section */

/* Begin PBXShellScriptBuildPhase section */
		16B3E9766CDCF01ECAE29C9F /* [CP] Embed Pods Frameworks */ = {
			isa = PBXShellScriptBuildPhase;
			buildActionMask = 2147483647;
			files = (
			);
			inputFileListPaths = (
				"${PODS_ROOT}/Target Support Files/Pods-Mapbox-test/Pods-Mapbox-test-frameworks-${CONFIGURATION}-input-files.xcfilelist",
			);
			name = "[CP] Embed Pods Frameworks";
			outputFileListPaths = (
				"${PODS_ROOT}/Target Support Files/Pods-Mapbox-test/Pods-Mapbox-test-frameworks-${CONFIGURATION}-output-files.xcfilelist",
			);
			runOnlyForDeploymentPostprocessing = 0;
			shellPath = /bin/sh;
			shellScript = "\"${PODS_ROOT}/Target Support Files/Pods-Mapbox-test/Pods-Mapbox-test-frameworks.sh\"\n";
			showEnvVarsInLog = 0;
		};
		D3F14A293D0C551096EAE29D /* [CP] Check Pods Manifest.lock */ = {
			isa = PBXShellScriptBuildPhase;
			buildActionMask = 2147483647;
			files = (
			);
			inputFileListPaths = (
			);
			inputPaths = (
				"${PODS_PODFILE_DIR_PATH}/Podfile.lock",
				"${PODS_ROOT}/Manifest.lock",
			);
			name = "[CP] Check Pods Manifest.lock";
			outputFileListPaths = (
			);
			outputPaths = (
				"$(DERIVED_FILE_DIR)/Pods-Mapbox-test-checkManifestLockResult.txt",
			);
			runOnlyForDeploymentPostprocessing = 0;
			shellPath = /bin/sh;
			shellScript = "diff \"${PODS_PODFILE_DIR_PATH}/Podfile.lock\" \"${PODS_ROOT}/Manifest.lock\" > /dev/null\nif [ $? != 0 ] ; then\n    # print error to STDERR\n    echo \"error: The sandbox is not in sync with the Podfile.lock. Run 'pod install' or update your CocoaPods installation.\" >&2\n    exit 1\nfi\n# This output is used by Xcode 'outputs' to avoid re-running this script phase.\necho \"SUCCESS\" > \"${SCRIPT_OUTPUT_FILE_0}\"\n";
			showEnvVarsInLog = 0;
		};
		F9A31B84E0F86DD030928261 /* [CP] Check Pods Manifest.lock */ = {
			isa = PBXShellScriptBuildPhase;
			buildActionMask = 2147483647;
			files = (
			);
			inputFileListPaths = (
			);
			inputPaths = (
				"${PODS_PODFILE_DIR_PATH}/Podfile.lock",
				"${PODS_ROOT}/Manifest.lock",
			);
			name = "[CP] Check Pods Manifest.lock";
			outputFileListPaths = (
			);
			outputPaths = (
				"$(DERIVED_FILE_DIR)/Pods-Mapbox-testTests-checkManifestLockResult.txt",
			);
			runOnlyForDeploymentPostprocessing = 0;
			shellPath = /bin/sh;
			shellScript = "diff \"${PODS_PODFILE_DIR_PATH}/Podfile.lock\" \"${PODS_ROOT}/Manifest.lock\" > /dev/null\nif [ $? != 0 ] ; then\n    # print error to STDERR\n    echo \"error: The sandbox is not in sync with the Podfile.lock. Run 'pod install' or update your CocoaPods installation.\" >&2\n    exit 1\nfi\n# This output is used by Xcode 'outputs' to avoid re-running this script phase.\necho \"SUCCESS\" > \"${SCRIPT_OUTPUT_FILE_0}\"\n";
			showEnvVarsInLog = 0;
		};
/* End PBXShellScriptBuildPhase section */

/* Begin PBXSourcesBuildPhase section */
		66D7E96B22D646E900F526DB /* Sources */ = {
			isa = PBXSourcesBuildPhase;
			buildActionMask = 2147483647;
			files = (
				66D7E97522D646E900F526DB /* ViewController.swift in Sources */,
				66D7E97322D646E900F526DB /* AppDelegate.swift in Sources */,
			);
			runOnlyForDeploymentPostprocessing = 0;
		};
		66D7E97F22D646EC00F526DB /* Sources */ = {
			isa = PBXSourcesBuildPhase;
			buildActionMask = 2147483647;
			files = (
				66D7E98822D646EC00F526DB /* Mapbox_testTests.swift in Sources */,
			);
			runOnlyForDeploymentPostprocessing = 0;
		};
/* End PBXSourcesBuildPhase section */

/* Begin PBXTargetDependency section */
		66D7E98522D646EC00F526DB /* PBXTargetDependency */ = {
			isa = PBXTargetDependency;
			target = 66D7E96E22D646E900F526DB /* Mapbox-test */;
			targetProxy = 66D7E98422D646EC00F526DB /* PBXContainerItemProxy */;
		};
/* End PBXTargetDependency section */

/* Begin PBXVariantGroup section */
		66D7E97622D646E900F526DB /* Main.storyboard */ = {
			isa = PBXVariantGroup;
			children = (
				66D7E97722D646E900F526DB /* Base */,
			);
			name = Main.storyboard;
			sourceTree = "<group>";
		};
		66D7E97B22D646EC00F526DB /* LaunchScreen.storyboard */ = {
			isa = PBXVariantGroup;
			children = (
				66D7E97C22D646EC00F526DB /* Base */,
			);
			name = LaunchScreen.storyboard;
			sourceTree = "<group>";
		};
/* End PBXVariantGroup section */

/* Begin XCBuildConfiguration section */
		66D7E98A22D646EC00F526DB /* Debug */ = {
			isa = XCBuildConfiguration;
			buildSettings = {
				ALWAYS_SEARCH_USER_PATHS = NO;
				CLANG_ANALYZER_NONNULL = YES;
				CLANG_ANALYZER_NUMBER_OBJECT_CONVERSION = YES_AGGRESSIVE;
				CLANG_CXX_LANGUAGE_STANDARD = "gnu++14";
				CLANG_CXX_LIBRARY = "libc++";
				CLANG_ENABLE_MODULES = YES;
				CLANG_ENABLE_OBJC_ARC = YES;
				CLANG_ENABLE_OBJC_WEAK = YES;
				CLANG_WARN_BLOCK_CAPTURE_AUTORELEASING = YES;
				CLANG_WARN_BOOL_CONVERSION = YES;
				CLANG_WARN_COMMA = YES;
				CLANG_WARN_CONSTANT_CONVERSION = YES;
				CLANG_WARN_DEPRECATED_OBJC_IMPLEMENTATIONS = YES;
				CLANG_WARN_DIRECT_OBJC_ISA_USAGE = YES_ERROR;
				CLANG_WARN_DOCUMENTATION_COMMENTS = YES;
				CLANG_WARN_EMPTY_BODY = YES;
				CLANG_WARN_ENUM_CONVERSION = YES;
				CLANG_WARN_INFINITE_RECURSION = YES;
				CLANG_WARN_INT_CONVERSION = YES;
				CLANG_WARN_NON_LITERAL_NULL_CONVERSION = YES;
				CLANG_WARN_OBJC_IMPLICIT_RETAIN_SELF = YES;
				CLANG_WARN_OBJC_LITERAL_CONVERSION = YES;
				CLANG_WARN_OBJC_ROOT_CLASS = YES_ERROR;
				CLANG_WARN_RANGE_LOOP_ANALYSIS = YES;
				CLANG_WARN_STRICT_PROTOTYPES = YES;
				CLANG_WARN_SUSPICIOUS_MOVE = YES;
				CLANG_WARN_UNGUARDED_AVAILABILITY = YES_AGGRESSIVE;
				CLANG_WARN_UNREACHABLE_CODE = YES;
				CLANG_WARN__DUPLICATE_METHOD_MATCH = YES;
				CODE_SIGN_IDENTITY = "iPhone Developer";
				COPY_PHASE_STRIP = NO;
				DEBUG_INFORMATION_FORMAT = dwarf;
				ENABLE_STRICT_OBJC_MSGSEND = YES;
				ENABLE_TESTABILITY = YES;
				GCC_C_LANGUAGE_STANDARD = gnu11;
				GCC_DYNAMIC_NO_PIC = NO;
				GCC_NO_COMMON_BLOCKS = YES;
				GCC_OPTIMIZATION_LEVEL = 0;
				GCC_PREPROCESSOR_DEFINITIONS = (
					"DEBUG=1",
					"$(inherited)",
				);
				GCC_WARN_64_TO_32_BIT_CONVERSION = YES;
				GCC_WARN_ABOUT_RETURN_TYPE = YES_ERROR;
				GCC_WARN_UNDECLARED_SELECTOR = YES;
				GCC_WARN_UNINITIALIZED_AUTOS = YES_AGGRESSIVE;
				GCC_WARN_UNUSED_FUNCTION = YES;
				GCC_WARN_UNUSED_VARIABLE = YES;
				IPHONEOS_DEPLOYMENT_TARGET = 12.2;
				MTL_ENABLE_DEBUG_INFO = INCLUDE_SOURCE;
				MTL_FAST_MATH = YES;
				ONLY_ACTIVE_ARCH = YES;
				SDKROOT = iphoneos;
				SWIFT_ACTIVE_COMPILATION_CONDITIONS = DEBUG;
				SWIFT_OPTIMIZATION_LEVEL = "-Onone";
			};
			name = Debug;
		};
		66D7E98B22D646EC00F526DB /* Release */ = {
			isa = XCBuildConfiguration;
			buildSettings = {
				ALWAYS_SEARCH_USER_PATHS = NO;
				CLANG_ANALYZER_NONNULL = YES;
				CLANG_ANALYZER_NUMBER_OBJECT_CONVERSION = YES_AGGRESSIVE;
				CLANG_CXX_LANGUAGE_STANDARD = "gnu++14";
				CLANG_CXX_LIBRARY = "libc++";
				CLANG_ENABLE_MODULES = YES;
				CLANG_ENABLE_OBJC_ARC = YES;
				CLANG_ENABLE_OBJC_WEAK = YES;
				CLANG_WARN_BLOCK_CAPTURE_AUTORELEASING = YES;
				CLANG_WARN_BOOL_CONVERSION = YES;
				CLANG_WARN_COMMA = YES;
				CLANG_WARN_CONSTANT_CONVERSION = YES;
				CLANG_WARN_DEPRECATED_OBJC_IMPLEMENTATIONS = YES;
				CLANG_WARN_DIRECT_OBJC_ISA_USAGE = YES_ERROR;
				CLANG_WARN_DOCUMENTATION_COMMENTS = YES;
				CLANG_WARN_EMPTY_BODY = YES;
				CLANG_WARN_ENUM_CONVERSION = YES;
				CLANG_WARN_INFINITE_RECURSION = YES;
				CLANG_WARN_INT_CONVERSION = YES;
				CLANG_WARN_NON_LITERAL_NULL_CONVERSION = YES;
				CLANG_WARN_OBJC_IMPLICIT_RETAIN_SELF = YES;
				CLANG_WARN_OBJC_LITERAL_CONVERSION = YES;
				CLANG_WARN_OBJC_ROOT_CLASS = YES_ERROR;
				CLANG_WARN_RANGE_LOOP_ANALYSIS = YES;
				CLANG_WARN_STRICT_PROTOTYPES = YES;
				CLANG_WARN_SUSPICIOUS_MOVE = YES;
				CLANG_WARN_UNGUARDED_AVAILABILITY = YES_AGGRESSIVE;
				CLANG_WARN_UNREACHABLE_CODE = YES;
				CLANG_WARN__DUPLICATE_METHOD_MATCH = YES;
				CODE_SIGN_IDENTITY = "iPhone Developer";
				COPY_PHASE_STRIP = NO;
				DEBUG_INFORMATION_FORMAT = "dwarf-with-dsym";
				ENABLE_NS_ASSERTIONS = NO;
				ENABLE_STRICT_OBJC_MSGSEND = YES;
				GCC_C_LANGUAGE_STANDARD = gnu11;
				GCC_NO_COMMON_BLOCKS = YES;
				GCC_WARN_64_TO_32_BIT_CONVERSION = YES;
				GCC_WARN_ABOUT_RETURN_TYPE = YES_ERROR;
				GCC_WARN_UNDECLARED_SELECTOR = YES;
				GCC_WARN_UNINITIALIZED_AUTOS = YES_AGGRESSIVE;
				GCC_WARN_UNUSED_FUNCTION = YES;
				GCC_WARN_UNUSED_VARIABLE = YES;
				IPHONEOS_DEPLOYMENT_TARGET = 12.2;
				MTL_ENABLE_DEBUG_INFO = NO;
				MTL_FAST_MATH = YES;
				SDKROOT = iphoneos;
				SWIFT_COMPILATION_MODE = wholemodule;
				SWIFT_OPTIMIZATION_LEVEL = "-O";
				VALIDATE_PRODUCT = YES;
			};
			name = Release;
		};
		66D7E98D22D646EC00F526DB /* Debug */ = {
			isa = XCBuildConfiguration;
			baseConfigurationReference = 1633B4E9E9CB98CEED433B45 /* Pods-Mapbox-test.debug.xcconfig */;
			buildSettings = {
				ASSETCATALOG_COMPILER_APPICON_NAME = AppIcon;
				CODE_SIGN_STYLE = Automatic;
				DEVELOPMENT_TEAM = Y7D24J646Q;
				INFOPLIST_FILE = "Mapbox-test/Info.plist";
				LD_RUNPATH_SEARCH_PATHS = (
					"$(inherited)",
					"@executable_path/Frameworks",
				);
				PRODUCT_BUNDLE_IDENTIFIER = "com.indigo.Mapbox-test";
				PRODUCT_NAME = "$(TARGET_NAME)";
				SWIFT_VERSION = 5.0;
				TARGETED_DEVICE_FAMILY = "1,2";
			};
			name = Debug;
		};
		66D7E98E22D646EC00F526DB /* Release */ = {
			isa = XCBuildConfiguration;
			baseConfigurationReference = 8FC2A0D303A3343A3220E4EB /* Pods-Mapbox-test.release.xcconfig */;
			buildSettings = {
				ASSETCATALOG_COMPILER_APPICON_NAME = AppIcon;
				CODE_SIGN_STYLE = Automatic;
				DEVELOPMENT_TEAM = Y7D24J646Q;
				INFOPLIST_FILE = "Mapbox-test/Info.plist";
				LD_RUNPATH_SEARCH_PATHS = (
					"$(inherited)",
					"@executable_path/Frameworks",
				);
				PRODUCT_BUNDLE_IDENTIFIER = "com.indigo.Mapbox-test";
				PRODUCT_NAME = "$(TARGET_NAME)";
				SWIFT_VERSION = 5.0;
				TARGETED_DEVICE_FAMILY = "1,2";
			};
			name = Release;
		};
		66D7E99022D646EC00F526DB /* Debug */ = {
			isa = XCBuildConfiguration;
			baseConfigurationReference = 10822FFA60EE2DA9E9112799 /* Pods-Mapbox-testTests.debug.xcconfig */;
			buildSettings = {
				ALWAYS_EMBED_SWIFT_STANDARD_LIBRARIES = YES;
				BUNDLE_LOADER = "$(TEST_HOST)";
				CODE_SIGN_STYLE = Automatic;
				DEVELOPMENT_TEAM = Y7D24J646Q;
				INFOPLIST_FILE = "Mapbox-testTests/Info.plist";
				LD_RUNPATH_SEARCH_PATHS = (
					"$(inherited)",
					"@executable_path/Frameworks",
					"@loader_path/Frameworks",
				);
				PRODUCT_BUNDLE_IDENTIFIER = "com.indigo.Mapbox-testTests";
				PRODUCT_NAME = "$(TARGET_NAME)";
				SWIFT_VERSION = 5.0;
				TARGETED_DEVICE_FAMILY = "1,2";
				TEST_HOST = "$(BUILT_PRODUCTS_DIR)/Mapbox-test.app/Mapbox-test";
			};
			name = Debug;
		};
		66D7E99122D646EC00F526DB /* Release */ = {
			isa = XCBuildConfiguration;
			baseConfigurationReference = 9011CEA992142193ED475A69 /* Pods-Mapbox-testTests.release.xcconfig */;
			buildSettings = {
				ALWAYS_EMBED_SWIFT_STANDARD_LIBRARIES = YES;
				BUNDLE_LOADER = "$(TEST_HOST)";
				CODE_SIGN_STYLE = Automatic;
				DEVELOPMENT_TEAM = Y7D24J646Q;
				INFOPLIST_FILE = "Mapbox-testTests/Info.plist";
				LD_RUNPATH_SEARCH_PATHS = (
					"$(inherited)",
					"@executable_path/Frameworks",
					"@loader_path/Frameworks",
				);
				PRODUCT_BUNDLE_IDENTIFIER = "com.indigo.Mapbox-testTests";
				PRODUCT_NAME = "$(TARGET_NAME)";
				SWIFT_VERSION = 5.0;
				TARGETED_DEVICE_FAMILY = "1,2";
				TEST_HOST = "$(BUILT_PRODUCTS_DIR)/Mapbox-test.app/Mapbox-test";
			};
			name = Release;
		};
/* End XCBuildConfiguration section */

/* Begin XCConfigurationList section */
		66D7E96A22D646E900F526DB /* Build configuration list for PBXProject "Mapbox-test" */ = {
			isa = XCConfigurationList;
			buildConfigurations = (
				66D7E98A22D646EC00F526DB /* Debug */,
				66D7E98B22D646EC00F526DB /* Release */,
			);
			defaultConfigurationIsVisible = 0;
			defaultConfigurationName = Release;
		};
		66D7E98C22D646EC00F526DB /* Build configuration list for PBXNativeTarget "Mapbox-test" */ = {
			isa = XCConfigurationList;
			buildConfigurations = (
				66D7E98D22D646EC00F526DB /* Debug */,
				66D7E98E22D646EC00F526DB /* Release */,
			);
			defaultConfigurationIsVisible = 0;
			defaultConfigurationName = Release;
		};
		66D7E98F22D646EC00F526DB /* Build configuration list for PBXNativeTarget "Mapbox-testTests" */ = {
			isa = XCConfigurationList;
			buildConfigurations = (
				66D7E99022D646EC00F526DB /* Debug */,
				66D7E99122D646EC00F526DB /* Release */,
			);
			defaultConfigurationIsVisible = 0;
			defaultConfigurationName = Release;
		};
/* End XCConfigurationList section */
	};
	rootObject = 66D7E96722D646E900F526DB /* Project object */;
}
